
Microsoft Visual Studio Solution File, Format Version 12.00
# Visual Studio Version 16
VisualStudioVersion = 16.0.31613.86
MinimumVisualStudioVersion = 10.0.40219.1
Project("{9A19103F-16F7-4668-BE54-9A1E7A4F7556}") = "PRDenaCo.Web", "PRDenaCo.Web\PRDenaCo.Web.csproj", "{F26AFBCB-1242-432A-88ED-CEEA19EAC709}"
EndProject
Project("{2150E333-8FDC-42A3-9474-1A3956D46DE8}") = "Source", "Source", "{6A882709-355C-408B-9B92-5467DF32CFC8}"
EndProject
Project("{2150E333-8FDC-42A3-9474-1A3956D46DE8}") = "Test", "Test", "{5050B6C5-9CF4-4934-AD13-D50F29EAB5B4}"
EndProject
Project("{2150E333-8FDC-42A3-9474-1A3956D46DE8}") = "Core", "Core", "{6525A533-744A-4393-87EF-235C315EE678}"
EndProject
Project("{2150E333-8FDC-42A3-9474-1A3956D46DE8}") = "Infrastracture", "Infrastracture", "{FCF875A8-BAA4-4126-B151-822577FCA2B3}"
EndProject
Project("{2150E333-8FDC-42A3-9474-1A3956D46DE8}") = "Presentation", "Presentation", "{2591543C-ED54-489A-B09E-8D73478C042B}"
EndProject
Project("{2150E333-8FDC-42A3-9474-1A3956D46DE8}") = "Common", "Common", "{82B8335F-F891-481D-AE0F-260D8EA1A666}"
EndProject
Project("{9A19103F-16F7-4668-BE54-9A1E7A4F7556}") = "PRDenaCo.Domain", "PRDenaCo.Domain\PRDenaCo.Domain.csproj", "{2A9A54BE-004F-435D-A33C-F59BF4F55C17}"
EndProject
Project("{9A19103F-16F7-4668-BE54-9A1E7A4F7556}") = "PRDenaCo.Application", "PRDenaCo.Application\PRDenaCo.Application.csproj", "{785D05C6-F30B-49BF-83E3-8716CBD6689F}"
EndProject
Project("{9A19103F-16F7-4668-BE54-9A1E7A4F7556}") = "PRDenaCo.Infrastracture", "PRDenaCo.Infrastracture\PRDenaCo.Infrastracture.csproj", "{B69852CF-1A66-4AF0-8A6E-30DAC7F450B8}"
EndProject
Project("{9A19103F-16F7-4668-BE54-9A1E7A4F7556}") = "PRDenaCo.Persistence", "PRDenaCo.Persistence\PRDenaCo.Persistence.csproj", "{69F1D982-BDC1-4840-B5C6-720EF6DC2910}"
EndProject
Project("{9A19103F-16F7-4668-BE54-9A1E7A4F7556}") = "PRDenaCo.Common", "PRDenaCo.Common\PRDenaCo.Common.csproj", "{1A739FB7-2AB6-4275-977F-8833DE181E32}"
EndProject
Project("{9A19103F-16F7-4668-BE54-9A1E7A4F7556}") = "PRDenaCo.WebApi", "PRDenaCo.WebApi\PRDenaCo.WebApi.csproj", "{E4A30EB7-172B-458C-B7FB-CEBCA0417665}"
EndProject
Project("{2150E333-8FDC-42A3-9474-1A3956D46DE8}") = "Document", "Document", "{302B010E-2538-4CB5-B0E8-726D987D3C89}"
EndProject
Global
	GlobalSection(SolutionConfigurationPlatforms) = preSolution
		Debug|Any CPU = Debug|Any CPU
		Release|Any CPU = Release|Any CPU
	EndGlobalSection
	GlobalSection(ProjectConfigurationPlatforms) = postSolution
		{F26AFBCB-1242-432A-88ED-CEEA19EAC709}.Debug|Any CPU.ActiveCfg = Debug|Any CPU
		{F26AFBCB-1242-432A-88ED-CEEA19EAC709}.Debug|Any CPU.Build.0 = Debug|Any CPU
		{F26AFBCB-1242-432A-88ED-CEEA19EAC709}.Release|Any CPU.ActiveCfg = Release|Any CPU
		{F26AFBCB-1242-432A-88ED-CEEA19EAC709}.Release|Any CPU.Build.0 = Release|Any CPU
		{2A9A54BE-004F-435D-A33C-F59BF4F55C17}.Debug|Any CPU.ActiveCfg = Debug|Any CPU
		{2A9A54BE-004F-435D-A33C-F59BF4F55C17}.Debug|Any CPU.Build.0 = Debug|Any CPU
		{2A9A54BE-004F-435D-A33C-F59BF4F55C17}.Release|Any CPU.ActiveCfg = Release|Any CPU
		{2A9A54BE-004F-435D-A33C-F59BF4F55C17}.Release|Any CPU.Build.0 = Release|Any CPU
		{785D05C6-F30B-49BF-83E3-8716CBD6689F}.Debug|Any CPU.ActiveCfg = Debug|Any CPU
		{785D05C6-F30B-49BF-83E3-8716CBD6689F}.Debug|Any CPU.Build.0 = Debug|Any CPU
		{785D05C6-F30B-49BF-83E3-8716CBD6689F}.Release|Any CPU.ActiveCfg = Release|Any CPU
		{785D05C6-F30B-49BF-83E3-8716CBD6689F}.Release|Any CPU.Build.0 = Release|Any CPU
		{B69852CF-1A66-4AF0-8A6E-30DAC7F450B8}.Debug|Any CPU.ActiveCfg = Debug|Any CPU
		{B69852CF-1A66-4AF0-8A6E-30DAC7F450B8}.Debug|Any CPU.Build.0 = Debug|Any CPU
		{B69852CF-1A66-4AF0-8A6E-30DAC7F450B8}.Release|Any CPU.ActiveCfg = Release|Any CPU
		{B69852CF-1A66-4AF0-8A6E-30DAC7F450B8}.Release|Any CPU.Build.0 = Release|Any CPU
		{69F1D982-BDC1-4840-B5C6-720EF6DC2910}.Debug|Any CPU.ActiveCfg = Debug|Any CPU
		{69F1D982-BDC1-4840-B5C6-720EF6DC2910}.Debug|Any CPU.Build.0 = Debug|Any CPU
		{69F1D982-BDC1-4840-B5C6-720EF6DC2910}.Release|Any CPU.ActiveCfg = Release|Any CPU
		{69F1D982-BDC1-4840-B5C6-720EF6DC2910}.Release|Any CPU.Build.0 = Release|Any CPU
		{1A739FB7-2AB6-4275-977F-8833DE181E32}.Debug|Any CPU.ActiveCfg = Debug|Any CPU
		{1A739FB7-2AB6-4275-977F-8833DE181E32}.Debug|Any CPU.Build.0 = Debug|Any CPU
		{1A739FB7-2AB6-4275-977F-8833DE181E32}.Release|Any CPU.ActiveCfg = Release|Any CPU
		{1A739FB7-2AB6-4275-977F-8833DE181E32}.Release|Any CPU.Build.0 = Release|Any CPU
		{E4A30EB7-172B-458C-B7FB-CEBCA0417665}.Debug|Any CPU.ActiveCfg = Debug|Any CPU
		{E4A30EB7-172B-458C-B7FB-CEBCA0417665}.Debug|Any CPU.Build.0 = Debug|Any CPU
		{E4A30EB7-172B-458C-B7FB-CEBCA0417665}.Release|Any CPU.ActiveCfg = Release|Any CPU
		{E4A30EB7-172B-458C-B7FB-CEBCA0417665}.Release|Any CPU.Build.0 = Release|Any CPU
	EndGlobalSection
	GlobalSection(SolutionProperties) = preSolution
		HideSolutionNode = FALSE
	EndGlobalSection
	GlobalSection(NestedProjects) = preSolution
		{F26AFBCB-1242-432A-88ED-CEEA19EAC709} = {2591543C-ED54-489A-B09E-8D73478C042B}
		{6525A533-744A-4393-87EF-235C315EE678} = {6A882709-355C-408B-9B92-5467DF32CFC8}
		{FCF875A8-BAA4-4126-B151-822577FCA2B3} = {6A882709-355C-408B-9B92-5467DF32CFC8}
		{2591543C-ED54-489A-B09E-8D73478C042B} = {6A882709-355C-408B-9B92-5467DF32CFC8}
		{82B8335F-F891-481D-AE0F-260D8EA1A666} = {6A882709-355C-408B-9B92-5467DF32CFC8}
		{2A9A54BE-004F-435D-A33C-F59BF4F55C17} = {6525A533-744A-4393-87EF-235C315EE678}
		{785D05C6-F30B-49BF-83E3-8716CBD6689F} = {6525A533-744A-4393-87EF-235C315EE678}
		{B69852CF-1A66-4AF0-8A6E-30DAC7F450B8} = {FCF875A8-BAA4-4126-B151-822577FCA2B3}
		{69F1D982-BDC1-4840-B5C6-720EF6DC2910} = {FCF875A8-BAA4-4126-B151-822577FCA2B3}
		{1A739FB7-2AB6-4275-977F-8833DE181E32} = {82B8335F-F891-481D-AE0F-260D8EA1A666}
		{E4A30EB7-172B-458C-B7FB-CEBCA0417665} = {2591543C-ED54-489A-B09E-8D73478C042B}
	EndGlobalSection
	GlobalSection(ExtensibilityGlobals) = postSolution
		SolutionGuid = {2C76049D-7CF2-44A3-9E4C-DCE111AA2305}
	EndGlobalSection
EndGlobal
